
Microsoft Visual Studio Solution File, Format Version 12.00
# Visual Studio Version 17
VisualStudioVersion = 17.0.32126.317
MinimumVisualStudioVersion = 10.0.40219.1
Project("{9A19103F-16F7-4668-BE54-9A1E7A4F7556}") = "RazorPagesLearn", "RazorPagesLearn\RazorPagesLearn.csproj", "{2D2F262C-B3EC-47BB-838C-E9274CF37AC1}"
EndProject
Project("{9A19103F-16F7-4668-BE54-9A1E7A4F7556}") = "RazorPagesLearn.Models", "RazorPagesLearn.Models\RazorPagesLearn.Models.csproj", "{69D2EAFD-D8F1-4990-B175-E7F27D38F259}"
EndProject
Project("{9A19103F-16F7-4668-BE54-9A1E7A4F7556}") = "RazorPagesLearn.Services", "RazorPagesLearn.Services\RazorPagesLearn.Services.csproj", "{7B3D3738-7D7C-4498-83B1-EA6B2F9E9800}"
EndProject
Project("{E53339B2-1760-4266-BCC7-CA923CBCF16C}") = "docker-compose", "docker-compose.dcproj", "{C28D6B04-6377-437D-8902-24E75BC08913}"
EndProject
Global
	GlobalSection(SolutionConfigurationPlatforms) = preSolution
		Debug|Any CPU = Debug|Any CPU
		Release|Any CPU = Release|Any CPU
	EndGlobalSection
	GlobalSection(ProjectConfigurationPlatforms) = postSolution
		{2D2F262C-B3EC-47BB-838C-E9274CF37AC1}.Debug|Any CPU.ActiveCfg = Debug|Any CPU
		{2D2F262C-B3EC-47BB-838C-E9274CF37AC1}.Debug|Any CPU.Build.0 = Debug|Any CPU
		{2D2F262C-B3EC-47BB-838C-E9274CF37AC1}.Release|Any CPU.ActiveCfg = Release|Any CPU
		{2D2F262C-B3EC-47BB-838C-E9274CF37AC1}.Release|Any CPU.Build.0 = Release|Any CPU
		{69D2EAFD-D8F1-4990-B175-E7F27D38F259}.Debug|Any CPU.ActiveCfg = Debug|Any CPU
		{69D2EAFD-D8F1-4990-B175-E7F27D38F259}.Debug|Any CPU.Build.0 = Debug|Any CPU
		{69D2EAFD-D8F1-4990-B175-E7F27D38F259}.Release|Any CPU.ActiveCfg = Release|Any CPU
		{69D2EAFD-D8F1-4990-B175-E7F27D38F259}.Release|Any CPU.Build.0 = Release|Any CPU
		{7B3D3738-7D7C-4498-83B1-EA6B2F9E9800}.Debug|Any CPU.ActiveCfg = Debug|Any CPU
		{7B3D3738-7D7C-4498-83B1-EA6B2F9E9800}.Debug|Any CPU.Build.0 = Debug|Any CPU
		{7B3D3738-7D7C-4498-83B1-EA6B2F9E9800}.Release|Any CPU.ActiveCfg = Release|Any CPU
		{7B3D3738-7D7C-4498-83B1-EA6B2F9E9800}.Release|Any CPU.Build.0 = Release|Any CPU
		{C28D6B04-6377-437D-8902-24E75BC08913}.Debug|Any CPU.ActiveCfg = Debug|Any CPU
		{C28D6B04-6377-437D-8902-24E75BC08913}.Debug|Any CPU.Build.0 = Debug|Any CPU
		{C28D6B04-6377-437D-8902-24E75BC08913}.Release|Any CPU.ActiveCfg = Release|Any CPU
		{C28D6B04-6377-437D-8902-24E75BC08913}.Release|Any CPU.Build.0 = Release|Any CPU
	EndGlobalSection
	GlobalSection(SolutionProperties) = preSolution
		HideSolutionNode = FALSE
	EndGlobalSection
	GlobalSection(ExtensibilityGlobals) = postSolution
		SolutionGuid = {6A007F7B-41F4-4DC3-AC29-07D6F9C8B8E9}
	EndGlobalSection
EndGlobal
